
Microsoft Visual Studio Solution File, Format Version 12.00
# Visual Studio Version 16
VisualStudioVersion = 16.0.30011.22
MinimumVisualStudioVersion = 10.0.40219.1
Project("{9A19103F-16F7-4668-BE54-9A1E7A4F7556}") = "Collektions.Core", "Collections.Core\Collektions.Core.csproj", "{0A9D73CD-C3D2-4B80-9400-085470806135}"
EndProject
Project("{9A19103F-16F7-4668-BE54-9A1E7A4F7556}") = "Collektions.Infrastructure", "Collektions.Infrastructure\Collektions.Infrastructure.csproj", "{0A42F36E-C0BD-44CE-A909-ECF2C3C76418}"
EndProject
Project("{9A19103F-16F7-4668-BE54-9A1E7A4F7556}") = "Collektions.Frontend.Server", "Collektions.Frontend\Server\Collektions.Frontend.Server.csproj", "{69A19148-78FF-42A9-B3BA-3BAA2C35D6A0}"
EndProject
Project("{9A19103F-16F7-4668-BE54-9A1E7A4F7556}") = "Collektions.Frontend.Client", "Collektions.Frontend\Client\Collektions.Frontend.Client.csproj", "{8E6A268A-381A-4583-BDC5-FD07AF1EA2DE}"
EndProject
Project("{FAE04EC0-301F-11D3-BF4B-00C04F79EFBC}") = "Collektions.ViewModels", "Collektions.ViewModels\Collektions.ViewModels.csproj", "{2E3FE041-9A90-45E2-82CD-6E8C17D02378}"
EndProject
Global
	GlobalSection(SolutionConfigurationPlatforms) = preSolution
		Debug|Any CPU = Debug|Any CPU
		Release|Any CPU = Release|Any CPU
	EndGlobalSection
	GlobalSection(ProjectConfigurationPlatforms) = postSolution
		{0A9D73CD-C3D2-4B80-9400-085470806135}.Debug|Any CPU.ActiveCfg = Debug|Any CPU
		{0A9D73CD-C3D2-4B80-9400-085470806135}.Debug|Any CPU.Build.0 = Debug|Any CPU
		{0A9D73CD-C3D2-4B80-9400-085470806135}.Release|Any CPU.ActiveCfg = Release|Any CPU
		{0A9D73CD-C3D2-4B80-9400-085470806135}.Release|Any CPU.Build.0 = Release|Any CPU
		{0A42F36E-C0BD-44CE-A909-ECF2C3C76418}.Debug|Any CPU.ActiveCfg = Debug|Any CPU
		{0A42F36E-C0BD-44CE-A909-ECF2C3C76418}.Debug|Any CPU.Build.0 = Debug|Any CPU
		{0A42F36E-C0BD-44CE-A909-ECF2C3C76418}.Release|Any CPU.ActiveCfg = Release|Any CPU
		{0A42F36E-C0BD-44CE-A909-ECF2C3C76418}.Release|Any CPU.Build.0 = Release|Any CPU
		{69A19148-78FF-42A9-B3BA-3BAA2C35D6A0}.Debug|Any CPU.ActiveCfg = Debug|Any CPU
		{69A19148-78FF-42A9-B3BA-3BAA2C35D6A0}.Debug|Any CPU.Build.0 = Debug|Any CPU
		{69A19148-78FF-42A9-B3BA-3BAA2C35D6A0}.Release|Any CPU.ActiveCfg = Release|Any CPU
		{69A19148-78FF-42A9-B3BA-3BAA2C35D6A0}.Release|Any CPU.Build.0 = Release|Any CPU
		{8E6A268A-381A-4583-BDC5-FD07AF1EA2DE}.Debug|Any CPU.ActiveCfg = Debug|Any CPU
		{8E6A268A-381A-4583-BDC5-FD07AF1EA2DE}.Debug|Any CPU.Build.0 = Debug|Any CPU
		{8E6A268A-381A-4583-BDC5-FD07AF1EA2DE}.Release|Any CPU.ActiveCfg = Release|Any CPU
		{8E6A268A-381A-4583-BDC5-FD07AF1EA2DE}.Release|Any CPU.Build.0 = Release|Any CPU
		{2E3FE041-9A90-45E2-82CD-6E8C17D02378}.Debug|Any CPU.ActiveCfg = Debug|Any CPU
		{2E3FE041-9A90-45E2-82CD-6E8C17D02378}.Debug|Any CPU.Build.0 = Debug|Any CPU
		{2E3FE041-9A90-45E2-82CD-6E8C17D02378}.Release|Any CPU.ActiveCfg = Release|Any CPU
		{2E3FE041-9A90-45E2-82CD-6E8C17D02378}.Release|Any CPU.Build.0 = Release|Any CPU
	EndGlobalSection
	GlobalSection(SolutionProperties) = preSolution
		HideSolutionNode = FALSE
	EndGlobalSection
	GlobalSection(ExtensibilityGlobals) = postSolution
		SolutionGuid = {767A773A-23DA-401C-8017-6E31AE2A838C}
	EndGlobalSection
EndGlobal
